
Microsoft Visual Studio Solution File, Format Version 12.00
# Visual Studio Version 17
VisualStudioVersion = 17.11.35431.28
MinimumVisualStudioVersion = 10.0.40219.1
Project("{FAE04EC0-301F-11D3-BF4B-00C04F79EFBC}") = "1234532623", "1234532623.csproj", "{49C50CC9-B9DC-4D41-A6E9-CE6BA4855413}"
EndProject
Global
	GlobalSection(SolutionConfigurationPlatforms) = preSolution
		Debug|Any CPU = Debug|Any CPU
		Release|Any CPU = Release|Any CPU
	EndGlobalSection
	GlobalSection(ProjectConfigurationPlatforms) = postSolution
		{49C50CC9-B9DC-4D41-A6E9-CE6BA4855413}.Debug|Any CPU.ActiveCfg = Debug|Any CPU
		{49C50CC9-B9DC-4D41-A6E9-CE6BA4855413}.Debug|Any CPU.Build.0 = Debug|Any CPU
		{49C50CC9-B9DC-4D41-A6E9-CE6BA4855413}.Release|Any CPU.ActiveCfg = Release|Any CPU
		{49C50CC9-B9DC-4D41-A6E9-CE6BA4855413}.Release|Any CPU.Build.0 = Release|Any CPU
	EndGlobalSection
	GlobalSection(SolutionProperties) = preSolution
		HideSolutionNode = FALSE
	EndGlobalSection
	GlobalSection(ExtensibilityGlobals) = postSolution
		SolutionGuid = {746A479A-1015-4E93-A971-5AB86E8FFD07}
	EndGlobalSection
EndGlobal
